
Microsoft Visual Studio Solution File, Format Version 12.00
# Visual Studio Version 17
VisualStudioVersion = 17.8.34330.188
MinimumVisualStudioVersion = 10.0.40219.1
Project("{FAE04EC0-301F-11D3-BF4B-00C04F79EFBC}") = "OnlineShopCore", "OnlineShopCore\OnlineShopCore.csproj", "{EBFAFBAF-7542-427E-BE08-18E5580A0510}"
EndProject
Global
	GlobalSection(SolutionConfigurationPlatforms) = preSolution
		Debug|Any CPU = Debug|Any CPU
		Release|Any CPU = Release|Any CPU
	EndGlobalSection
	GlobalSection(ProjectConfigurationPlatforms) = postSolution
		{EBFAFBAF-7542-427E-BE08-18E5580A0510}.Debug|Any CPU.ActiveCfg = Debug|Any CPU
		{EBFAFBAF-7542-427E-BE08-18E5580A0510}.Debug|Any CPU.Build.0 = Debug|Any CPU
		{EBFAFBAF-7542-427E-BE08-18E5580A0510}.Release|Any CPU.ActiveCfg = Release|Any CPU
		{EBFAFBAF-7542-427E-BE08-18E5580A0510}.Release|Any CPU.Build.0 = Release|Any CPU
	EndGlobalSection
	GlobalSection(SolutionProperties) = preSolution
		HideSolutionNode = FALSE
	EndGlobalSection
	GlobalSection(ExtensibilityGlobals) = postSolution
		SolutionGuid = {50315CE0-1ACD-426C-9D54-40062EDD7CAF}
	EndGlobalSection
EndGlobal
